// !$*UTF8*$!
{
	archiveVersion = 1;
	classes = {
	};
	objectVersion = 46;
	objects = {

/* Begin PBXBuildFile section */
		DD875BBC1EA83D240003FF7A /* AppDelegate.swift in Sources */ = {isa = PBXBuildFile; fileRef = DD875BBB1EA83D240003FF7A /* AppDelegate.swift */; };
		DD875BBE1EA83D240003FF7A /* ViewController.swift in Sources */ = {isa = PBXBuildFile; fileRef = DD875BBD1EA83D240003FF7A /* ViewController.swift */; };
		DD875BC11EA83D240003FF7A /* Main.storyboard in Resources */ = {isa = PBXBuildFile; fileRef = DD875BBF1EA83D240003FF7A /* Main.storyboard */; };
		DD875BC31EA83D250003FF7A /* Assets.xcassets in Resources */ = {isa = PBXBuildFile; fileRef = DD875BC21EA83D250003FF7A /* Assets.xcassets */; };
		DD875BC61EA83D250003FF7A /* LaunchScreen.storyboard in Resources */ = {isa = PBXBuildFile; fileRef = DD875BC41EA83D250003FF7A /* LaunchScreen.storyboard */; };
/* End PBXBuildFile section */

/* Begin PBXFileReference section */
		DD875BB81EA83D240003FF7A /* TryAirbnb.app */ = {isa = PBXFileReference; explicitFileType = wrapper.application; includeInIndex = 0; path = TryAirbnb.app; sourceTree = BUILT_PRODUCTS_DIR; };
		DD875BBB1EA83D240003FF7A /* AppDelegate.swift */ = {isa = PBXFileReference; lastKnownFileType = sourcecode.swift; path = AppDelegate.swift; sourceTree = "<group>"; };
		DD875BBD1EA83D240003FF7A /* ViewController.swift */ = {isa = PBXFileReference; lastKnownFileType = sourcecode.swift; path = ViewController.swift; sourceTree = "<group>"; };
		DD875BC01EA83D240003FF7A /* Base */ = {isa = PBXFileReference; lastKnownFileType = file.storyboard; name = Base; path = Base.lproj/Main.storyboard; sourceTree = "<group>"; };
		DD875BC21EA83D250003FF7A /* Assets.xcassets */ = {isa = PBXFileReference; lastKnownFileType = folder.assetcatalog; path = Assets.xcassets; sourceTree = "<group>"; };
		DD875BC51EA83D250003FF7A /* Base */ = {isa = PBXFileReference; lastKnownFileType = file.storyboard; name = Base; path = Base.lproj/LaunchScreen.storyboard; sourceTree = "<group>"; };
		DD875BC71EA83D250003FF7A /* Info.plist */ = {isa = PBXFileReference; lastKnownFileType = text.plist.xml; path = Info.plist; sourceTree = "<group>"; };
/* End PBXFileReference section */

/* Begin PBXFrameworksBuildPhase section */
		DD875BB51EA83D240003FF7A /* Frameworks */ = {
			isa = PBXFrameworksBuildPhase;
			buildActionMask = 2147483647;
			files = (
			);
			runOnlyForDeploymentPostprocessing = 0;
		};
/* End PBXFrameworksBuildPhase section */

/* Begin PBXGroup section */
		DD875BAF1EA83D240003FF7A = {
			isa = PBXGroup;
			children = (
				DD875BBA1EA83D240003FF7A /* TryAirbnb */,
				DD875BB91EA83D240003FF7A /* Products */,
			);
			sourceTree = "<group>";
		};
		DD875BB91EA83D240003FF7A /* Products */ = {
			isa = PBXGroup;
			children = (
				DD875BB81EA83D240003FF7A /* TryAirbnb.app */,
			);
			name = Products;
			sourceTree = "<group>";
		};
		DD875BBA1EA83D240003FF7A /* TryAirbnb */ = {
			isa = PBXGroup;
			children = (
				DD875BBB1EA83D240003FF7A /* AppDelegate.swift */,
				DD875BBD1EA83D240003FF7A /* ViewController.swift */,
				DD875BBF1EA83D240003FF7A /* Main.storyboard */,
				DD875BC21EA83D250003FF7A /* Assets.xcassets */,
				DD875BC41EA83D250003FF7A /* LaunchScreen.storyboard */,
				DD875BC71EA83D250003FF7A /* Info.plist */,
			);
			path = TryAirbnb;
			sourceTree = "<group>";
		};
/* End PBXGroup section */

/* Begin PBXNativeTarget section */
		DD875BB71EA83D240003FF7A /* TryAirbnb */ = {
			isa = PBXNativeTarget;
			buildConfigurationList = DD875BCA1EA83D250003FF7A /* Build configuration list for PBXNativeTarget "TryAirbnb" */;
			buildPhases = (
				DD875BB41EA83D240003FF7A /* Sources */,
				DD875BB51EA83D240003FF7A /* Frameworks */,
				DD875BB61EA83D240003FF7A /* Resources */,
			);
			buildRules = (
			);
			dependencies = (
			);
			name = TryAirbnb;
			productName = TryAirbnb;
			productReference = DD875BB81EA83D240003FF7A /* TryAirbnb.app */;
			productType = "com.apple.product-type.application";
		};
/* End PBXNativeTarget section */

/* Begin PBXProject section */
		DD875BB01EA83D240003FF7A /* Project object */ = {
			isa = PBXProject;
			attributes = {
				LastSwiftUpdateCheck = 0820;
				LastUpgradeCheck = 0820;
				ORGANIZATIONNAME = "清水一貴";
				TargetAttributes = {
					DD875BB71EA83D240003FF7A = {
						CreatedOnToolsVersion = 8.2.1;
						ProvisioningStyle = Automatic;
					};
				};
			};
			buildConfigurationList = DD875BB31EA83D240003FF7A /* Build configuration list for PBXProject "TryAirbnb" */;
			compatibilityVersion = "Xcode 3.2";
			developmentRegion = English;
			hasScannedForEncodings = 0;
			knownRegions = (
				en,
				Base,
			);
			mainGroup = DD875BAF1EA83D240003FF7A;
			productRefGroup = DD875BB91EA83D240003FF7A /* Products */;
			projectDirPath = "";
			projectRoot = "";
			targets = (
				DD875BB71EA83D240003FF7A /* TryAirbnb */,
			);
		};
/* End PBXProject section */

/* Begin PBXResourcesBuildPhase section */
		DD875BB61EA83D240003FF7A /* Resources */ = {
			isa = PBXResourcesBuildPhase;
			buildActionMask = 2147483647;
			files = (
				DD875BC61EA83D250003FF7A /* LaunchScreen.storyboard in Resources */,
				DD875BC31EA83D250003FF7A /* Assets.xcassets in Resources */,
				DD875BC11EA83D240003FF7A /* Main.storyboard in Resources */,
			);
			runOnlyForDeploymentPostprocessing = 0;
		};
/* End PBXResourcesBuildPhase section */

/* Begin PBXSourcesBuildPhase section */
		DD875BB41EA83D240003FF7A /* Sources */ = {
			isa = PBXSourcesBuildPhase;
			buildActionMask = 2147483647;
			files = (
				DD875BBE1EA83D240003FF7A /* ViewController.swift in Sources */,
				DD875BBC1EA83D240003FF7A /* AppDelegate.swift in Sources */,
			);
			runOnlyForDeploymentPostprocessing = 0;
		};
/* End PBXSourcesBuildPhase section */

/* Begin PBXVariantGroup section */
		DD875BBF1EA83D240003FF7A /* Main.storyboard */ = {
			isa = PBXVariantGroup;
			children = (
				DD875BC01EA83D240003FF7A /* Base */,
			);
			name = Main.storyboard;
			sourceTree = "<group>";
		};
		DD875BC41EA83D250003FF7A /* LaunchScreen.storyboard */ = {
			isa = PBXVariantGroup;
			children = (
				DD875BC51EA83D250003FF7A /* Base */,
			);
			name = LaunchScreen.storyboard;
			sourceTree = "<group>";
		};
/* End PBXVariantGroup section */

/* Begin XCBuildConfiguration section */
		DD875BC81EA83D250003FF7A /* Debug */ = {
			isa = XCBuildConfiguration;
			buildSettings = {
				ALWAYS_SEARCH_USER_PATHS = NO;
				CLANG_ANALYZER_NONNULL = YES;
				CLANG_CXX_LANGUAGE_STANDARD = "gnu++0x";
				CLANG_CXX_LIBRARY = "libc++";
				CLANG_ENABLE_MODULES = YES;
				CLANG_ENABLE_OBJC_ARC = YES;
				CLANG_WARN_BOOL_CONVERSION = YES;
				CLANG_WARN_CONSTANT_CONVERSION = YES;
				CLANG_WARN_DIRECT_OBJC_ISA_USAGE = YES_ERROR;
				CLANG_WARN_DOCUMENTATION_COMMENTS = YES;
				CLANG_WARN_EMPTY_BODY = YES;
				CLANG_WARN_ENUM_CONVERSION = YES;
				CLANG_WARN_INFINITE_RECURSION = YES;
				CLANG_WARN_INT_CONVERSION = YES;
				CLANG_WARN_OBJC_ROOT_CLASS = YES_ERROR;
				CLANG_WARN_SUSPICIOUS_MOVE = YES;
				CLANG_WARN_UNREACHABLE_CODE = YES;
				CLANG_WARN__DUPLICATE_METHOD_MATCH = YES;
				"CODE_SIGN_IDENTITY[sdk=iphoneos*]" = "iPhone Developer";
				COPY_PHASE_STRIP = NO;
				DEBUG_INFORMATION_FORMAT = dwarf;
				ENABLE_STRICT_OBJC_MSGSEND = YES;
				ENABLE_TESTABILITY = YES;
				GCC_C_LANGUAGE_STANDARD = gnu99;
				GCC_DYNAMIC_NO_PIC = NO;
				GCC_NO_COMMON_BLOCKS = YES;
				GCC_OPTIMIZATION_LEVEL = 0;
				GCC_PREPROCESSOR_DEFINITIONS = (
					"DEBUG=1",
					"$(inherited)",
				);
				GCC_WARN_64_TO_32_BIT_CONVERSION = YES;
				GCC_WARN_ABOUT_RETURN_TYPE = YES_ERROR;
				GCC_WARN_UNDECLARED_SELECTOR = YES;
				GCC_WARN_UNINITIALIZED_AUTOS = YES_AGGRESSIVE;
				GCC_WARN_UNUSED_FUNCTION = YES;
				GCC_WARN_UNUSED_VARIABLE = YES;
				IPHONEOS_DEPLOYMENT_TARGET = 10.2;
				MTL_ENABLE_DEBUG_INFO = YES;
				ONLY_ACTIVE_ARCH = YES;
				SDKROOT = iphoneos;
				SWIFT_ACTIVE_COMPILATION_CONDITIONS = DEBUG;
				SWIFT_OPTIMIZATION_LEVEL = "-Onone";
				TARGETED_DEVICE_FAMILY = "1,2";
			};
			name = Debug;
		};
		DD875BC91EA83D250003FF7A /* Release */ = {
			isa = XCBuildConfiguration;
			buildSettings = {
				ALWAYS_SEARCH_USER_PATHS = NO;
				CLANG_ANALYZER_NONNULL = YES;
				CLANG_CXX_LANGUAGE_STANDARD = "gnu++0x";
				CLANG_CXX_LIBRARY = "libc++";
				CLANG_ENABLE_MODULES = YES;
				CLANG_ENABLE_OBJC_ARC = YES;
				CLANG_WARN_BOOL_CONVERSION = YES;
				CLANG_WARN_CONSTANT_CONVERSION = YES;
				CLANG_WARN_DIRECT_OBJC_ISA_USAGE = YES_ERROR;
				CLANG_WARN_DOCUMENTATION_COMMENTS = YES;
				CLANG_WARN_EMPTY_BODY = YES;
				CLANG_WARN_ENUM_CONVERSION = YES;
				CLANG_WARN_INFINITE_RECURSION = YES;
				CLANG_WARN_INT_CONVERSION = YES;
				CLANG_WARN_OBJC_ROOT_CLASS = YES_ERROR;
				CLANG_WARN_SUSPICIOUS_MOVE = YES;
				CLANG_WARN_UNREACHABLE_CODE = YES;
				CLANG_WARN__DUPLICATE_METHOD_MATCH = YES;
				"CODE_SIGN_IDENTITY[sdk=iphoneos*]" = "iPhone Developer";
				COPY_PHASE_STRIP = NO;
				DEBUG_INFORMATION_FORMAT = "dwarf-with-dsym";
				ENABLE_NS_ASSERTIONS = NO;
				ENABLE_STRICT_OBJC_MSGSEND = YES;
				GCC_C_LANGUAGE_STANDARD = gnu99;
				GCC_NO_COMMON_BLOCKS = YES;
				GCC_WARN_64_TO_32_BIT_CONVERSION = YES;
				GCC_WARN_ABOUT_RETURN_TYPE = YES_ERROR;
				GCC_WARN_UNDECLARED_SELECTOR = YES;
				GCC_WARN_UNINITIALIZED_AUTOS = YES_AGGRESSIVE;
				GCC_WARN_UNUSED_FUNCTION = YES;
				GCC_WARN_UNUSED_VARIABLE = YES;
				IPHONEOS_DEPLOYMENT_TARGET = 10.2;
				MTL_ENABLE_DEBUG_INFO = NO;
				SDKROOT = iphoneos;
				SWIFT_OPTIMIZATION_LEVEL = "-Owholemodule";
				TARGETED_DEVICE_FAMILY = "1,2";
				VALIDATE_PRODUCT = YES;
			};
			name = Release;
		};
		DD875BCB1EA83D250003FF7A /* Debug */ = {
			isa = XCBuildConfiguration;
			buildSettings = {
				ASSETCATALOG_COMPILER_APPICON_NAME = AppIcon;
				INFOPLIST_FILE = TryAirbnb/Info.plist;
				LD_RUNPATH_SEARCH_PATHS = "$(inherited) @executable_path/Frameworks";
				PRODUCT_BUNDLE_IDENTIFIER = com.dotinstall.TryAirbnb;
				PRODUCT_NAME = "$(TARGET_NAME)";
				SWIFT_VERSION = 3.0;
			};
			name = Debug;
		};
		DD875BCC1EA83D250003FF7A /* Release */ = {
			isa = XCBuildConfiguration;
			buildSettings = {
				ASSETCATALOG_COMPILER_APPICON_NAME = AppIcon;
				INFOPLIST_FILE = TryAirbnb/Info.plist;
				LD_RUNPATH_SEARCH_PATHS = "$(inherited) @executable_path/Frameworks";
				PRODUCT_BUNDLE_IDENTIFIER = com.dotinstall.TryAirbnb;
				PRODUCT_NAME = "$(TARGET_NAME)";
				SWIFT_VERSION = 3.0;
			};
			name = Release;
		};
/* End XCBuildConfiguration section */

/* Begin XCConfigurationList section */
		DD875BB31EA83D240003FF7A /* Build configuration list for PBXProject "TryAirbnb" */ = {
			isa = XCConfigurationList;
			buildConfigurations = (
				DD875BC81EA83D250003FF7A /* Debug */,
				DD875BC91EA83D250003FF7A /* Release */,
			);
			defaultConfigurationIsVisible = 0;
			defaultConfigurationName = Release;
		};
		DD875BCA1EA83D250003FF7A /* Build configuration list for PBXNativeTarget "TryAirbnb" */ = {
			isa = XCConfigurationList;
			buildConfigurations = (
				DD875BCB1EA83D250003FF7A /* Debug */,
				DD875BCC1EA83D250003FF7A /* Release */,
			);
			defaultConfigurationIsVisible = 0;
		};
/* End XCConfigurationList section */
	};
	rootObject = DD875BB01EA83D240003FF7A /* Project object */;
}
